Microsoft Visual Studio Solution File, Format Version 12.00
# Visual Studio 2013
Project("{8BC9CEB8-8B4A-11D0-8D11-00A0C91BC942}") = "ALL_BUILD", "ALL_BUILD.vcxproj", "{E77DBEAB-0D1D-4CE0-A23E-80F200E97A2C}"
	ProjectSection(ProjectDependencies) = postProject
		{49CD280D-50F8-49C4-BD41-E8608AFB0A91} = {49CD280D-50F8-49C4-BD41-E8608AFB0A91}
		{98D6557C-5189-4AC7-B27F-8D84B878D134} = {98D6557C-5189-4AC7-B27F-8D84B878D134}
		{E0E7830B-776A-4062-836E-410CA2295C16} = {E0E7830B-776A-4062-836E-410CA2295C16}
		{DFB0CEB7-256A-4136-BCCA-D228F681C5A7} = {DFB0CEB7-256A-4136-BCCA-D228F681C5A7}
		{CD0FB8A7-45CC-4303-8D1C-0198B6714F67} = {CD0FB8A7-45CC-4303-8D1C-0198B6714F67}
		{F5699D53-6162-40EB-AF10-430816E94E84} = {F5699D53-6162-40EB-AF10-430816E94E84}
		{DE276111-E9A4-459F-A634-74DB70542343} = {DE276111-E9A4-459F-A634-74DB70542343}
		{8D4BFBAA-88FD-4A68-B190-BCEAB34334F4} = {8D4BFBAA-88FD-4A68-B190-BCEAB34334F4}
		{B1CECCFD-B38E-4148-AE2D-39B6A9AEFA29} = {B1CECCFD-B38E-4148-AE2D-39B6A9AEFA29}
		{07346F89-FAE3-42D5-BE17-EBEA40E83FCD} = {07346F89-FAE3-42D5-BE17-EBEA40E83FCD}
		{F4CA26DE-17AE-411B-820B-31F6550CBF5A} = {F4CA26DE-17AE-411B-820B-31F6550CBF5A}
		{9EC3EA8A-2F96-4837-80F8-98254A80232E} = {9EC3EA8A-2F96-4837-80F8-98254A80232E}
		{66428CCD-865F-4619-9970-FB9DC49BC951} = {66428CCD-865F-4619-9970-FB9DC49BC951}
		{8A6D11D5-459C-4D25-9B36-1D83283A0A40} = {8A6D11D5-459C-4D25-9B36-1D83283A0A40}
		{BBCDC331-04B9-47EA-A903-DD756F7F6211} = {BBCDC331-04B9-47EA-A903-DD756F7F6211}
		{E0789291-C6D8-4D2E-936F-3F4076E1ECC4} = {E0789291-C6D8-4D2E-936F-3F4076E1ECC4}
		{A36D66B5-86AB-4553-B27C-4D7593D7B7B4} = {A36D66B5-86AB-4553-B27C-4D7593D7B7B4}
		{C533030E-8D5C-469A-8345-83B306D6DD20} = {C533030E-8D5C-469A-8345-83B306D6DD20}
		{3BDAEBA6-1795-4FF2-B493-4E8E7489254C} = {3BDAEBA6-1795-4FF2-B493-4E8E7489254C}
		{C359CD4B-208D-4D7C-AA91-0DBF6171D706} = {C359CD4B-208D-4D7C-AA91-0DBF6171D706}
		{792FDEF3-321E-460D-9109-25C91649FB4C} = {792FDEF3-321E-460D-9109-25C91649FB4C}
		{08A7B06C-3FA2-45CC-9DEC-AB1B5D3F8256} = {08A7B06C-3FA2-45CC-9DEC-AB1B5D3F8256}
		{481ED70C-4399-4112-B361-40ED1DBEC5A9} = {481ED70C-4399-4112-B361-40ED1DBEC5A9}
		{3BD6ADAF-210E-4AFF-9229-B4DF412B1C2D} = {3BD6ADAF-210E-4AFF-9229-B4DF412B1C2D}
		{8760F9D7-04C1-4424-9D47-3309F2C1C92E} = {8760F9D7-04C1-4424-9D47-3309F2C1C92E}
		{F5D44709-D28A-4C2B-B113-921592C0F19C} = {F5D44709-D28A-4C2B-B113-921592C0F19C}
		{C50F7E8D-EE57-4C61-8567-12E27CEB777B} = {C50F7E8D-EE57-4C61-8567-12E27CEB777B}
		{979929CF-9B9C-4ED4-8BDB-1C2010C1CBCA} = {979929CF-9B9C-4ED4-8BDB-1C2010C1CBCA}
		{3DB445E9-8A54-44A8-9F62-C8B494AE4C72} = {3DB445E9-8A54-44A8-9F62-C8B494AE4C72}
		{3B8BEEB1-76CB-46C9-BC04-153DB43B4ACC} = {3B8BEEB1-76CB-46C9-BC04-153DB43B4ACC}
		{FA368881-825E-45EC-9C73-11CE92E0809A} = {FA368881-825E-45EC-9C73-11CE92E0809A}
		{CC35DEF1-D0A3-49C0-A26A-495597A17CB0} = {CC35DEF1-D0A3-49C0-A26A-495597A17CB0}
		{C0317787-DD09-4575-B663-FCA69B66AED9} = {C0317787-DD09-4575-B663-FCA69B66AED9}
		{B3B51A0F-3EEA-442F-8817-FAD35BBAAE63} = {B3B51A0F-3EEA-442F-8817-FAD35BBAAE63}
		{987B96CE-61FA-469F-B193-95FD2C51C97B} = {987B96CE-61FA-469F-B193-95FD2C51C97B}
		{E9C2B970-B6B0-4DFF-9F30-7CAFA078D3F0} = {E9C2B970-B6B0-4DFF-9F30-7CAFA078D3F0}
		{DC784CF9-E675-4A94-9631-0E1CCB0D66B8} = {DC784CF9-E675-4A94-9631-0E1CCB0D66B8}
		{192CB55C-6FFF-4166-811A-2EF2F3EEEE6D} = {192CB55C-6FFF-4166-811A-2EF2F3EEEE6D}
		{5BABDB99-4CF9-405B-BEA6-C85CDB40B637} = {5BABDB99-4CF9-405B-BEA6-C85CDB40B637}
		{7C582FEA-8FAC-4261-BAE7-D5A63FE7C62C} = {7C582FEA-8FAC-4261-BAE7-D5A63FE7C62C}
		{A58D6850-B804-45D1-B058-07C455B2C308} = {A58D6850-B804-45D1-B058-07C455B2C308}
		{28ADA337-34DD-47F2-94B4-84D7A31310CE} = {28ADA337-34DD-47F2-94B4-84D7A31310CE}
		{6CF7145A-15C0-40A0-9001-F31D75894421} = {6CF7145A-15C0-40A0-9001-F31D75894421}
		{325A6B80-C410-4120-873E-100C83E83CEC} = {325A6B80-C410-4120-873E-100C83E83CEC}
		{AA298FBC-5DA1-40E9-BC93-4608783B06CC} = {AA298FBC-5DA1-40E9-BC93-4608783B06CC}
		{9FF22A2A-6A7B-42BB-94B1-2E397F9BBE75} = {9FF22A2A-6A7B-42BB-94B1-2E397F9BBE75}
		{3A85917D-C694-499F-B615-37466A330037} = {3A85917D-C694-499F-B615-37466A330037}
		{45E4742E-9B62-4D5A-BC1C-5BDEA6F56F04} = {45E4742E-9B62-4D5A-BC1C-5BDEA6F56F04}
	EndProjectSection
EndProject
Project("{8BC9CEB8-8B4A-11D0-8D11-00A0C91BC942}") = "ZERO_CHECK", "ZERO_CHECK.vcxproj", "{49CD280D-50F8-49C4-BD41-E8608AFB0A91}"
	ProjectSection(ProjectDependencies) = postProject
	EndProjectSection
EndProject
Project("{8BC9CEB8-8B4A-11D0-8D11-00A0C91BC942}") = "nlmon", "utilities\nlmon.vcxproj", "{98D6557C-5189-4AC7-B27F-8D84B878D134}"
	ProjectSection(ProjectDependencies) = postProject
		{49CD280D-50F8-49C4-BD41-E8608AFB0A91} = {49CD280D-50F8-49C4-BD41-E8608AFB0A91}
		{DFB0CEB7-256A-4136-BCCA-D228F681C5A7} = {DFB0CEB7-256A-4136-BCCA-D228F681C5A7}
		{45E4742E-9B62-4D5A-BC1C-5BDEA6F56F04} = {45E4742E-9B62-4D5A-BC1C-5BDEA6F56F04}
	EndProjectSection
EndProject
Project("{8BC9CEB8-8B4A-11D0-8D11-00A0C91BC942}") = "ofproto", "ofproto\ofproto.vcxproj", "{E0E7830B-776A-4062-836E-410CA2295C16}"
	ProjectSection(ProjectDependencies) = postProject
		{49CD280D-50F8-49C4-BD41-E8608AFB0A91} = {49CD280D-50F8-49C4-BD41-E8608AFB0A91}
	EndProjectSection
EndProject
Project("{8BC9CEB8-8B4A-11D0-8D11-00A0C91BC942}") = "openvswitch", "lib\openvswitch.vcxproj", "{DFB0CEB7-256A-4136-BCCA-D228F681C5A7}"
	ProjectSection(ProjectDependencies) = postProject
		{49CD280D-50F8-49C4-BD41-E8608AFB0A91} = {49CD280D-50F8-49C4-BD41-E8608AFB0A91}
	EndProjectSection
EndProject
Project("{8BC9CEB8-8B4A-11D0-8D11-00A0C91BC942}") = "ovs-appctl", "utilities\ovs-appctl.vcxproj", "{CD0FB8A7-45CC-4303-8D1C-0198B6714F67}"
	ProjectSection(ProjectDependencies) = postProject
		{49CD280D-50F8-49C4-BD41-E8608AFB0A91} = {49CD280D-50F8-49C4-BD41-E8608AFB0A91}
		{DFB0CEB7-256A-4136-BCCA-D228F681C5A7} = {DFB0CEB7-256A-4136-BCCA-D228F681C5A7}
		{45E4742E-9B62-4D5A-BC1C-5BDEA6F56F04} = {45E4742E-9B62-4D5A-BC1C-5BDEA6F56F04}
	EndProjectSection
EndProject
Project("{8BC9CEB8-8B4A-11D0-8D11-00A0C91BC942}") = "ovs-benchmark", "utilities\ovs-benchmark.vcxproj", "{F5699D53-6162-40EB-AF10-430816E94E84}"
	ProjectSection(ProjectDependencies) = postProject
		{49CD280D-50F8-49C4-BD41-E8608AFB0A91} = {49CD280D-50F8-49C4-BD41-E8608AFB0A91}
		{DFB0CEB7-256A-4136-BCCA-D228F681C5A7} = {DFB0CEB7-256A-4136-BCCA-D228F681C5A7}
		{45E4742E-9B62-4D5A-BC1C-5BDEA6F56F04} = {45E4742E-9B62-4D5A-BC1C-5BDEA6F56F04}
	EndProjectSection
EndProject
Project("{8BC9CEB8-8B4A-11D0-8D11-00A0C91BC942}") = "ovs-controller", "utilities\ovs-controller.vcxproj", "{DE276111-E9A4-459F-A634-74DB70542343}"
	ProjectSection(ProjectDependencies) = postProject
		{49CD280D-50F8-49C4-BD41-E8608AFB0A91} = {49CD280D-50F8-49C4-BD41-E8608AFB0A91}
		{DFB0CEB7-256A-4136-BCCA-D228F681C5A7} = {DFB0CEB7-256A-4136-BCCA-D228F681C5A7}
		{45E4742E-9B62-4D5A-BC1C-5BDEA6F56F04} = {45E4742E-9B62-4D5A-BC1C-5BDEA6F56F04}
	EndProjectSection
EndProject
Project("{8BC9CEB8-8B4A-11D0-8D11-00A0C91BC942}") = "ovs-dpctl", "utilities\ovs-dpctl.vcxproj", "{8D4BFBAA-88FD-4A68-B190-BCEAB34334F4}"
	ProjectSection(ProjectDependencies) = postProject
		{49CD280D-50F8-49C4-BD41-E8608AFB0A91} = {49CD280D-50F8-49C4-BD41-E8608AFB0A91}
		{DFB0CEB7-256A-4136-BCCA-D228F681C5A7} = {DFB0CEB7-256A-4136-BCCA-D228F681C5A7}
		{45E4742E-9B62-4D5A-BC1C-5BDEA6F56F04} = {45E4742E-9B62-4D5A-BC1C-5BDEA6F56F04}
	EndProjectSection
EndProject
Project("{8BC9CEB8-8B4A-11D0-8D11-00A0C91BC942}") = "ovs-ofctl", "utilities\ovs-ofctl.vcxproj", "{B1CECCFD-B38E-4148-AE2D-39B6A9AEFA29}"
	ProjectSection(ProjectDependencies) = postProject
		{49CD280D-50F8-49C4-BD41-E8608AFB0A91} = {49CD280D-50F8-49C4-BD41-E8608AFB0A91}
		{E0E7830B-776A-4062-836E-410CA2295C16} = {E0E7830B-776A-4062-836E-410CA2295C16}
		{DFB0CEB7-256A-4136-BCCA-D228F681C5A7} = {DFB0CEB7-256A-4136-BCCA-D228F681C5A7}
		{45E4742E-9B62-4D5A-BC1C-5BDEA6F56F04} = {45E4742E-9B62-4D5A-BC1C-5BDEA6F56F04}
	EndProjectSection
EndProject
Project("{8BC9CEB8-8B4A-11D0-8D11-00A0C91BC942}") = "ovs-openflowd", "utilities\ovs-openflowd.vcxproj", "{07346F89-FAE3-42D5-BE17-EBEA40E83FCD}"
	ProjectSection(ProjectDependencies) = postProject
		{49CD280D-50F8-49C4-BD41-E8608AFB0A91} = {49CD280D-50F8-49C4-BD41-E8608AFB0A91}
		{E0E7830B-776A-4062-836E-410CA2295C16} = {E0E7830B-776A-4062-836E-410CA2295C16}
		{DFB0CEB7-256A-4136-BCCA-D228F681C5A7} = {DFB0CEB7-256A-4136-BCCA-D228F681C5A7}
		{C533030E-8D5C-469A-8345-83B306D6DD20} = {C533030E-8D5C-469A-8345-83B306D6DD20}
		{45E4742E-9B62-4D5A-BC1C-5BDEA6F56F04} = {45E4742E-9B62-4D5A-BC1C-5BDEA6F56F04}
	EndProjectSection
EndProject
Project("{8BC9CEB8-8B4A-11D0-8D11-00A0C91BC942}") = "ovs-vlan-bug-workaround", "utilities\ovs-vlan-bug-workaround.vcxproj", "{F4CA26DE-17AE-411B-820B-31F6550CBF5A}"
	ProjectSection(ProjectDependencies) = postProject
		{49CD280D-50F8-49C4-BD41-E8608AFB0A91} = {49CD280D-50F8-49C4-BD41-E8608AFB0A91}
		{DFB0CEB7-256A-4136-BCCA-D228F681C5A7} = {DFB0CEB7-256A-4136-BCCA-D228F681C5A7}
		{45E4742E-9B62-4D5A-BC1C-5BDEA6F56F04} = {45E4742E-9B62-4D5A-BC1C-5BDEA6F56F04}
	EndProjectSection
EndProject
Project("{8BC9CEB8-8B4A-11D0-8D11-00A0C91BC942}") = "ovs-vsctl", "utilities\ovs-vsctl.vcxproj", "{9EC3EA8A-2F96-4837-80F8-98254A80232E}"
	ProjectSection(ProjectDependencies) = postProject
		{49CD280D-50F8-49C4-BD41-E8608AFB0A91} = {49CD280D-50F8-49C4-BD41-E8608AFB0A91}
		{DFB0CEB7-256A-4136-BCCA-D228F681C5A7} = {DFB0CEB7-256A-4136-BCCA-D228F681C5A7}
		{45E4742E-9B62-4D5A-BC1C-5BDEA6F56F04} = {45E4742E-9B62-4D5A-BC1C-5BDEA6F56F04}
	EndProjectSection
EndProject
Project("{8BC9CEB8-8B4A-11D0-8D11-00A0C91BC942}") = "ovs-vswitchd", "vswitchd\ovs-vswitchd.vcxproj", "{66428CCD-865F-4619-9970-FB9DC49BC951}"
	ProjectSection(ProjectDependencies) = postProject
		{49CD280D-50F8-49C4-BD41-E8608AFB0A91} = {49CD280D-50F8-49C4-BD41-E8608AFB0A91}
		{E0E7830B-776A-4062-836E-410CA2295C16} = {E0E7830B-776A-4062-836E-410CA2295C16}
		{DFB0CEB7-256A-4136-BCCA-D228F681C5A7} = {DFB0CEB7-256A-4136-BCCA-D228F681C5A7}
		{C533030E-8D5C-469A-8345-83B306D6DD20} = {C533030E-8D5C-469A-8345-83B306D6DD20}
		{45E4742E-9B62-4D5A-BC1C-5BDEA6F56F04} = {45E4742E-9B62-4D5A-BC1C-5BDEA6F56F04}
	EndProjectSection
EndProject
Project("{8BC9CEB8-8B4A-11D0-8D11-00A0C91BC942}") = "ovsdb", "ovsdb\ovsdb.vcxproj", "{8A6D11D5-459C-4D25-9B36-1D83283A0A40}"
	ProjectSection(ProjectDependencies) = postProject
		{49CD280D-50F8-49C4-BD41-E8608AFB0A91} = {49CD280D-50F8-49C4-BD41-E8608AFB0A91}
	EndProjectSection
EndProject
Project("{8BC9CEB8-8B4A-11D0-8D11-00A0C91BC942}") = "ovsdb-client", "ovsdb\ovsdb-client.vcxproj", "{BBCDC331-04B9-47EA-A903-DD756F7F6211}"
	ProjectSection(ProjectDependencies) = postProject
		{49CD280D-50F8-49C4-BD41-E8608AFB0A91} = {49CD280D-50F8-49C4-BD41-E8608AFB0A91}
		{DFB0CEB7-256A-4136-BCCA-D228F681C5A7} = {DFB0CEB7-256A-4136-BCCA-D228F681C5A7}
		{8A6D11D5-459C-4D25-9B36-1D83283A0A40} = {8A6D11D5-459C-4D25-9B36-1D83283A0A40}
		{45E4742E-9B62-4D5A-BC1C-5BDEA6F56F04} = {45E4742E-9B62-4D5A-BC1C-5BDEA6F56F04}
	EndProjectSection
EndProject
Project("{8BC9CEB8-8B4A-11D0-8D11-00A0C91BC942}") = "ovsdb-server", "ovsdb\ovsdb-server.vcxproj", "{E0789291-C6D8-4D2E-936F-3F4076E1ECC4}"
	ProjectSection(ProjectDependencies) = postProject
		{49CD280D-50F8-49C4-BD41-E8608AFB0A91} = {49CD280D-50F8-49C4-BD41-E8608AFB0A91}
		{DFB0CEB7-256A-4136-BCCA-D228F681C5A7} = {DFB0CEB7-256A-4136-BCCA-D228F681C5A7}
		{8A6D11D5-459C-4D25-9B36-1D83283A0A40} = {8A6D11D5-459C-4D25-9B36-1D83283A0A40}
		{45E4742E-9B62-4D5A-BC1C-5BDEA6F56F04} = {45E4742E-9B62-4D5A-BC1C-5BDEA6F56F04}
	EndProjectSection
EndProject
Project("{8BC9CEB8-8B4A-11D0-8D11-00A0C91BC942}") = "ovsdb-tool", "ovsdb\ovsdb-tool.vcxproj", "{A36D66B5-86AB-4553-B27C-4D7593D7B7B4}"
	ProjectSection(ProjectDependencies) = postProject
		{49CD280D-50F8-49C4-BD41-E8608AFB0A91} = {49CD280D-50F8-49C4-BD41-E8608AFB0A91}
		{DFB0CEB7-256A-4136-BCCA-D228F681C5A7} = {DFB0CEB7-256A-4136-BCCA-D228F681C5A7}
		{8A6D11D5-459C-4D25-9B36-1D83283A0A40} = {8A6D11D5-459C-4D25-9B36-1D83283A0A40}
		{45E4742E-9B62-4D5A-BC1C-5BDEA6F56F04} = {45E4742E-9B62-4D5A-BC1C-5BDEA6F56F04}
	EndProjectSection
EndProject
Project("{8BC9CEB8-8B4A-11D0-8D11-00A0C91BC942}") = "sflow", "lib\sflow.vcxproj", "{C533030E-8D5C-469A-8345-83B306D6DD20}"
	ProjectSection(ProjectDependencies) = postProject
		{49CD280D-50F8-49C4-BD41-E8608AFB0A91} = {49CD280D-50F8-49C4-BD41-E8608AFB0A91}
	EndProjectSection
EndProject
Project("{8BC9CEB8-8B4A-11D0-8D11-00A0C91BC942}") = "test-aes128", "tests\test-aes128.vcxproj", "{3BDAEBA6-1795-4FF2-B493-4E8E7489254C}"
	ProjectSection(ProjectDependencies) = postProject
		{49CD280D-50F8-49C4-BD41-E8608AFB0A91} = {49CD280D-50F8-49C4-BD41-E8608AFB0A91}
		{DFB0CEB7-256A-4136-BCCA-D228F681C5A7} = {DFB0CEB7-256A-4136-BCCA-D228F681C5A7}
		{45E4742E-9B62-4D5A-BC1C-5BDEA6F56F04} = {45E4742E-9B62-4D5A-BC1C-5BDEA6F56F04}
	EndProjectSection
EndProject
Project("{8BC9CEB8-8B4A-11D0-8D11-00A0C91BC942}") = "test-bundle", "tests\test-bundle.vcxproj", "{C359CD4B-208D-4D7C-AA91-0DBF6171D706}"
	ProjectSection(ProjectDependencies) = postProject
		{49CD280D-50F8-49C4-BD41-E8608AFB0A91} = {49CD280D-50F8-49C4-BD41-E8608AFB0A91}
		{DFB0CEB7-256A-4136-BCCA-D228F681C5A7} = {DFB0CEB7-256A-4136-BCCA-D228F681C5A7}
		{45E4742E-9B62-4D5A-BC1C-5BDEA6F56F04} = {45E4742E-9B62-4D5A-BC1C-5BDEA6F56F04}
	EndProjectSection
EndProject
Project("{8BC9CEB8-8B4A-11D0-8D11-00A0C91BC942}") = "test-byte-order", "tests\test-byte-order.vcxproj", "{792FDEF3-321E-460D-9109-25C91649FB4C}"
	ProjectSection(ProjectDependencies) = postProject
		{49CD280D-50F8-49C4-BD41-E8608AFB0A91} = {49CD280D-50F8-49C4-BD41-E8608AFB0A91}
		{DFB0CEB7-256A-4136-BCCA-D228F681C5A7} = {DFB0CEB7-256A-4136-BCCA-D228F681C5A7}
		{45E4742E-9B62-4D5A-BC1C-5BDEA6F56F04} = {45E4742E-9B62-4D5A-BC1C-5BDEA6F56F04}
	EndProjectSection
EndProject
Project("{8BC9CEB8-8B4A-11D0-8D11-00A0C91BC942}") = "test-classifier", "tests\test-classifier.vcxproj", "{08A7B06C-3FA2-45CC-9DEC-AB1B5D3F8256}"
	ProjectSection(ProjectDependencies) = postProject
		{49CD280D-50F8-49C4-BD41-E8608AFB0A91} = {49CD280D-50F8-49C4-BD41-E8608AFB0A91}
		{DFB0CEB7-256A-4136-BCCA-D228F681C5A7} = {DFB0CEB7-256A-4136-BCCA-D228F681C5A7}
		{45E4742E-9B62-4D5A-BC1C-5BDEA6F56F04} = {45E4742E-9B62-4D5A-BC1C-5BDEA6F56F04}
	EndProjectSection
EndProject
Project("{8BC9CEB8-8B4A-11D0-8D11-00A0C91BC942}") = "test-csum", "tests\test-csum.vcxproj", "{481ED70C-4399-4112-B361-40ED1DBEC5A9}"
	ProjectSection(ProjectDependencies) = postProject
		{49CD280D-50F8-49C4-BD41-E8608AFB0A91} = {49CD280D-50F8-49C4-BD41-E8608AFB0A91}
		{DFB0CEB7-256A-4136-BCCA-D228F681C5A7} = {DFB0CEB7-256A-4136-BCCA-D228F681C5A7}
		{45E4742E-9B62-4D5A-BC1C-5BDEA6F56F04} = {45E4742E-9B62-4D5A-BC1C-5BDEA6F56F04}
	EndProjectSection
EndProject
Project("{8BC9CEB8-8B4A-11D0-8D11-00A0C91BC942}") = "test-file_name", "tests\test-file_name.vcxproj", "{3BD6ADAF-210E-4AFF-9229-B4DF412B1C2D}"
	ProjectSection(ProjectDependencies) = postProject
		{49CD280D-50F8-49C4-BD41-E8608AFB0A91} = {49CD280D-50F8-49C4-BD41-E8608AFB0A91}
		{DFB0CEB7-256A-4136-BCCA-D228F681C5A7} = {DFB0CEB7-256A-4136-BCCA-D228F681C5A7}
		{45E4742E-9B62-4D5A-BC1C-5BDEA6F56F04} = {45E4742E-9B62-4D5A-BC1C-5BDEA6F56F04}
	EndProjectSection
EndProject
Project("{8BC9CEB8-8B4A-11D0-8D11-00A0C91BC942}") = "test-flows", "tests\test-flows.vcxproj", "{8760F9D7-04C1-4424-9D47-3309F2C1C92E}"
	ProjectSection(ProjectDependencies) = postProject
		{49CD280D-50F8-49C4-BD41-E8608AFB0A91} = {49CD280D-50F8-49C4-BD41-E8608AFB0A91}
		{DFB0CEB7-256A-4136-BCCA-D228F681C5A7} = {DFB0CEB7-256A-4136-BCCA-D228F681C5A7}
		{45E4742E-9B62-4D5A-BC1C-5BDEA6F56F04} = {45E4742E-9B62-4D5A-BC1C-5BDEA6F56F04}
	EndProjectSection
EndProject
Project("{8BC9CEB8-8B4A-11D0-8D11-00A0C91BC942}") = "test-hash", "tests\test-hash.vcxproj", "{F5D44709-D28A-4C2B-B113-921592C0F19C}"
	ProjectSection(ProjectDependencies) = postProject
		{49CD280D-50F8-49C4-BD41-E8608AFB0A91} = {49CD280D-50F8-49C4-BD41-E8608AFB0A91}
		{DFB0CEB7-256A-4136-BCCA-D228F681C5A7} = {DFB0CEB7-256A-4136-BCCA-D228F681C5A7}
		{45E4742E-9B62-4D5A-BC1C-5BDEA6F56F04} = {45E4742E-9B62-4D5A-BC1C-5BDEA6F56F04}
	EndProjectSection
EndProject
Project("{8BC9CEB8-8B4A-11D0-8D11-00A0C91BC942}") = "test-heap", "tests\test-heap.vcxproj", "{C50F7E8D-EE57-4C61-8567-12E27CEB777B}"
	ProjectSection(ProjectDependencies) = postProject
		{49CD280D-50F8-49C4-BD41-E8608AFB0A91} = {49CD280D-50F8-49C4-BD41-E8608AFB0A91}
		{DFB0CEB7-256A-4136-BCCA-D228F681C5A7} = {DFB0CEB7-256A-4136-BCCA-D228F681C5A7}
		{45E4742E-9B62-4D5A-BC1C-5BDEA6F56F04} = {45E4742E-9B62-4D5A-BC1C-5BDEA6F56F04}
	EndProjectSection
EndProject
Project("{8BC9CEB8-8B4A-11D0-8D11-00A0C91BC942}") = "test-hmap", "tests\test-hmap.vcxproj", "{979929CF-9B9C-4ED4-8BDB-1C2010C1CBCA}"
	ProjectSection(ProjectDependencies) = postProject
		{49CD280D-50F8-49C4-BD41-E8608AFB0A91} = {49CD280D-50F8-49C4-BD41-E8608AFB0A91}
		{DFB0CEB7-256A-4136-BCCA-D228F681C5A7} = {DFB0CEB7-256A-4136-BCCA-D228F681C5A7}
		{45E4742E-9B62-4D5A-BC1C-5BDEA6F56F04} = {45E4742E-9B62-4D5A-BC1C-5BDEA6F56F04}
	EndProjectSection
EndProject
Project("{8BC9CEB8-8B4A-11D0-8D11-00A0C91BC942}") = "test-json", "tests\test-json.vcxproj", "{3DB445E9-8A54-44A8-9F62-C8B494AE4C72}"
	ProjectSection(ProjectDependencies) = postProject
		{49CD280D-50F8-49C4-BD41-E8608AFB0A91} = {49CD280D-50F8-49C4-BD41-E8608AFB0A91}
		{DFB0CEB7-256A-4136-BCCA-D228F681C5A7} = {DFB0CEB7-256A-4136-BCCA-D228F681C5A7}
		{45E4742E-9B62-4D5A-BC1C-5BDEA6F56F04} = {45E4742E-9B62-4D5A-BC1C-5BDEA6F56F04}
	EndProjectSection
EndProject
Project("{8BC9CEB8-8B4A-11D0-8D11-00A0C91BC942}") = "test-jsonrpc", "tests\test-jsonrpc.vcxproj", "{3B8BEEB1-76CB-46C9-BC04-153DB43B4ACC}"
	ProjectSection(ProjectDependencies) = postProject
		{49CD280D-50F8-49C4-BD41-E8608AFB0A91} = {49CD280D-50F8-49C4-BD41-E8608AFB0A91}
		{DFB0CEB7-256A-4136-BCCA-D228F681C5A7} = {DFB0CEB7-256A-4136-BCCA-D228F681C5A7}
		{45E4742E-9B62-4D5A-BC1C-5BDEA6F56F04} = {45E4742E-9B62-4D5A-BC1C-5BDEA6F56F04}
	EndProjectSection
EndProject
Project("{8BC9CEB8-8B4A-11D0-8D11-00A0C91BC942}") = "test-list", "tests\test-list.vcxproj", "{FA368881-825E-45EC-9C73-11CE92E0809A}"
	ProjectSection(ProjectDependencies) = postProject
		{49CD280D-50F8-49C4-BD41-E8608AFB0A91} = {49CD280D-50F8-49C4-BD41-E8608AFB0A91}
		{DFB0CEB7-256A-4136-BCCA-D228F681C5A7} = {DFB0CEB7-256A-4136-BCCA-D228F681C5A7}
		{45E4742E-9B62-4D5A-BC1C-5BDEA6F56F04} = {45E4742E-9B62-4D5A-BC1C-5BDEA6F56F04}
	EndProjectSection
EndProject
Project("{8BC9CEB8-8B4A-11D0-8D11-00A0C91BC942}") = "test-lockfile", "tests\test-lockfile.vcxproj", "{CC35DEF1-D0A3-49C0-A26A-495597A17CB0}"
	ProjectSection(ProjectDependencies) = postProject
		{49CD280D-50F8-49C4-BD41-E8608AFB0A91} = {49CD280D-50F8-49C4-BD41-E8608AFB0A91}
		{DFB0CEB7-256A-4136-BCCA-D228F681C5A7} = {DFB0CEB7-256A-4136-BCCA-D228F681C5A7}
		{45E4742E-9B62-4D5A-BC1C-5BDEA6F56F04} = {45E4742E-9B62-4D5A-BC1C-5BDEA6F56F04}
	EndProjectSection
EndProject
Project("{8BC9CEB8-8B4A-11D0-8D11-00A0C91BC942}") = "test-multipath", "tests\test-multipath.vcxproj", "{C0317787-DD09-4575-B663-FCA69B66AED9}"
	ProjectSection(ProjectDependencies) = postProject
		{49CD280D-50F8-49C4-BD41-E8608AFB0A91} = {49CD280D-50F8-49C4-BD41-E8608AFB0A91}
		{DFB0CEB7-256A-4136-BCCA-D228F681C5A7} = {DFB0CEB7-256A-4136-BCCA-D228F681C5A7}
		{45E4742E-9B62-4D5A-BC1C-5BDEA6F56F04} = {45E4742E-9B62-4D5A-BC1C-5BDEA6F56F04}
	EndProjectSection
EndProject
Project("{8BC9CEB8-8B4A-11D0-8D11-00A0C91BC942}") = "test-netflow", "tests\test-netflow.vcxproj", "{B3B51A0F-3EEA-442F-8817-FAD35BBAAE63}"
	ProjectSection(ProjectDependencies) = postProject
		{49CD280D-50F8-49C4-BD41-E8608AFB0A91} = {49CD280D-50F8-49C4-BD41-E8608AFB0A91}
		{DFB0CEB7-256A-4136-BCCA-D228F681C5A7} = {DFB0CEB7-256A-4136-BCCA-D228F681C5A7}
		{45E4742E-9B62-4D5A-BC1C-5BDEA6F56F04} = {45E4742E-9B62-4D5A-BC1C-5BDEA6F56F04}
	EndProjectSection
EndProject
Project("{8BC9CEB8-8B4A-11D0-8D11-00A0C91BC942}") = "test-odp", "tests\test-odp.vcxproj", "{987B96CE-61FA-469F-B193-95FD2C51C97B}"
	ProjectSection(ProjectDependencies) = postProject
		{49CD280D-50F8-49C4-BD41-E8608AFB0A91} = {49CD280D-50F8-49C4-BD41-E8608AFB0A91}
		{DFB0CEB7-256A-4136-BCCA-D228F681C5A7} = {DFB0CEB7-256A-4136-BCCA-D228F681C5A7}
		{45E4742E-9B62-4D5A-BC1C-5BDEA6F56F04} = {45E4742E-9B62-4D5A-BC1C-5BDEA6F56F04}
	EndProjectSection
EndProject
Project("{8BC9CEB8-8B4A-11D0-8D11-00A0C91BC942}") = "test-ovsdb", "tests\test-ovsdb.vcxproj", "{E9C2B970-B6B0-4DFF-9F30-7CAFA078D3F0}"
	ProjectSection(ProjectDependencies) = postProject
		{49CD280D-50F8-49C4-BD41-E8608AFB0A91} = {49CD280D-50F8-49C4-BD41-E8608AFB0A91}
		{DFB0CEB7-256A-4136-BCCA-D228F681C5A7} = {DFB0CEB7-256A-4136-BCCA-D228F681C5A7}
		{8A6D11D5-459C-4D25-9B36-1D83283A0A40} = {8A6D11D5-459C-4D25-9B36-1D83283A0A40}
		{45E4742E-9B62-4D5A-BC1C-5BDEA6F56F04} = {45E4742E-9B62-4D5A-BC1C-5BDEA6F56F04}
	EndProjectSection
EndProject
Project("{8BC9CEB8-8B4A-11D0-8D11-00A0C91BC942}") = "test-packets", "tests\test-packets.vcxproj", "{DC784CF9-E675-4A94-9631-0E1CCB0D66B8}"
	ProjectSection(ProjectDependencies) = postProject
		{49CD280D-50F8-49C4-BD41-E8608AFB0A91} = {49CD280D-50F8-49C4-BD41-E8608AFB0A91}
		{DFB0CEB7-256A-4136-BCCA-D228F681C5A7} = {DFB0CEB7-256A-4136-BCCA-D228F681C5A7}
		{45E4742E-9B62-4D5A-BC1C-5BDEA6F56F04} = {45E4742E-9B62-4D5A-BC1C-5BDEA6F56F04}
	EndProjectSection
EndProject
Project("{8BC9CEB8-8B4A-11D0-8D11-00A0C91BC942}") = "test-random", "tests\test-random.vcxproj", "{192CB55C-6FFF-4166-811A-2EF2F3EEEE6D}"
	ProjectSection(ProjectDependencies) = postProject
		{49CD280D-50F8-49C4-BD41-E8608AFB0A91} = {49CD280D-50F8-49C4-BD41-E8608AFB0A91}
		{DFB0CEB7-256A-4136-BCCA-D228F681C5A7} = {DFB0CEB7-256A-4136-BCCA-D228F681C5A7}
		{45E4742E-9B62-4D5A-BC1C-5BDEA6F56F04} = {45E4742E-9B62-4D5A-BC1C-5BDEA6F56F04}
	EndProjectSection
EndProject
Project("{8BC9CEB8-8B4A-11D0-8D11-00A0C91BC942}") = "test-reconnect", "tests\test-reconnect.vcxproj", "{5BABDB99-4CF9-405B-BEA6-C85CDB40B637}"
	ProjectSection(ProjectDependencies) = postProject
		{49CD280D-50F8-49C4-BD41-E8608AFB0A91} = {49CD280D-50F8-49C4-BD41-E8608AFB0A91}
		{DFB0CEB7-256A-4136-BCCA-D228F681C5A7} = {DFB0CEB7-256A-4136-BCCA-D228F681C5A7}
		{45E4742E-9B62-4D5A-BC1C-5BDEA6F56F04} = {45E4742E-9B62-4D5A-BC1C-5BDEA6F56F04}
	EndProjectSection
EndProject
Project("{8BC9CEB8-8B4A-11D0-8D11-00A0C91BC942}") = "test-sha1", "tests\test-sha1.vcxproj", "{7C582FEA-8FAC-4261-BAE7-D5A63FE7C62C}"
	ProjectSection(ProjectDependencies) = postProject
		{49CD280D-50F8-49C4-BD41-E8608AFB0A91} = {49CD280D-50F8-49C4-BD41-E8608AFB0A91}
		{DFB0CEB7-256A-4136-BCCA-D228F681C5A7} = {DFB0CEB7-256A-4136-BCCA-D228F681C5A7}
		{45E4742E-9B62-4D5A-BC1C-5BDEA6F56F04} = {45E4742E-9B62-4D5A-BC1C-5BDEA6F56F04}
	EndProjectSection
EndProject
Project("{8BC9CEB8-8B4A-11D0-8D11-00A0C91BC942}") = "test-stp", "tests\test-stp.vcxproj", "{A58D6850-B804-45D1-B058-07C455B2C308}"
	ProjectSection(ProjectDependencies) = postProject
		{49CD280D-50F8-49C4-BD41-E8608AFB0A91} = {49CD280D-50F8-49C4-BD41-E8608AFB0A91}
		{DFB0CEB7-256A-4136-BCCA-D228F681C5A7} = {DFB0CEB7-256A-4136-BCCA-D228F681C5A7}
		{45E4742E-9B62-4D5A-BC1C-5BDEA6F56F04} = {45E4742E-9B62-4D5A-BC1C-5BDEA6F56F04}
	EndProjectSection
EndProject
Project("{8BC9CEB8-8B4A-11D0-8D11-00A0C91BC942}") = "test-strtok_r", "tests\test-strtok_r.vcxproj", "{28ADA337-34DD-47F2-94B4-84D7A31310CE}"
	ProjectSection(ProjectDependencies) = postProject
		{49CD280D-50F8-49C4-BD41-E8608AFB0A91} = {49CD280D-50F8-49C4-BD41-E8608AFB0A91}
		{DFB0CEB7-256A-4136-BCCA-D228F681C5A7} = {DFB0CEB7-256A-4136-BCCA-D228F681C5A7}
		{45E4742E-9B62-4D5A-BC1C-5BDEA6F56F04} = {45E4742E-9B62-4D5A-BC1C-5BDEA6F56F04}
	EndProjectSection
EndProject
Project("{8BC9CEB8-8B4A-11D0-8D11-00A0C91BC942}") = "test-type-props", "tests\test-type-props.vcxproj", "{6CF7145A-15C0-40A0-9001-F31D75894421}"
	ProjectSection(ProjectDependencies) = postProject
		{49CD280D-50F8-49C4-BD41-E8608AFB0A91} = {49CD280D-50F8-49C4-BD41-E8608AFB0A91}
		{DFB0CEB7-256A-4136-BCCA-D228F681C5A7} = {DFB0CEB7-256A-4136-BCCA-D228F681C5A7}
		{45E4742E-9B62-4D5A-BC1C-5BDEA6F56F04} = {45E4742E-9B62-4D5A-BC1C-5BDEA6F56F04}
	EndProjectSection
EndProject
Project("{8BC9CEB8-8B4A-11D0-8D11-00A0C91BC942}") = "test-unix-socket", "tests\test-unix-socket.vcxproj", "{325A6B80-C410-4120-873E-100C83E83CEC}"
	ProjectSection(ProjectDependencies) = postProject
		{49CD280D-50F8-49C4-BD41-E8608AFB0A91} = {49CD280D-50F8-49C4-BD41-E8608AFB0A91}
		{DFB0CEB7-256A-4136-BCCA-D228F681C5A7} = {DFB0CEB7-256A-4136-BCCA-D228F681C5A7}
		{45E4742E-9B62-4D5A-BC1C-5BDEA6F56F04} = {45E4742E-9B62-4D5A-BC1C-5BDEA6F56F04}
	EndProjectSection
EndProject
Project("{8BC9CEB8-8B4A-11D0-8D11-00A0C91BC942}") = "test-util", "tests\test-util.vcxproj", "{AA298FBC-5DA1-40E9-BC93-4608783B06CC}"
	ProjectSection(ProjectDependencies) = postProject
		{49CD280D-50F8-49C4-BD41-E8608AFB0A91} = {49CD280D-50F8-49C4-BD41-E8608AFB0A91}
		{DFB0CEB7-256A-4136-BCCA-D228F681C5A7} = {DFB0CEB7-256A-4136-BCCA-D228F681C5A7}
		{45E4742E-9B62-4D5A-BC1C-5BDEA6F56F04} = {45E4742E-9B62-4D5A-BC1C-5BDEA6F56F04}
	EndProjectSection
EndProject
Project("{8BC9CEB8-8B4A-11D0-8D11-00A0C91BC942}") = "test-uuid", "tests\test-uuid.vcxproj", "{9FF22A2A-6A7B-42BB-94B1-2E397F9BBE75}"
	ProjectSection(ProjectDependencies) = postProject
		{49CD280D-50F8-49C4-BD41-E8608AFB0A91} = {49CD280D-50F8-49C4-BD41-E8608AFB0A91}
		{DFB0CEB7-256A-4136-BCCA-D228F681C5A7} = {DFB0CEB7-256A-4136-BCCA-D228F681C5A7}
		{45E4742E-9B62-4D5A-BC1C-5BDEA6F56F04} = {45E4742E-9B62-4D5A-BC1C-5BDEA6F56F04}
	EndProjectSection
EndProject
Project("{8BC9CEB8-8B4A-11D0-8D11-00A0C91BC942}") = "test-vconn", "tests\test-vconn.vcxproj", "{3A85917D-C694-499F-B615-37466A330037}"
	ProjectSection(ProjectDependencies) = postProject
		{49CD280D-50F8-49C4-BD41-E8608AFB0A91} = {49CD280D-50F8-49C4-BD41-E8608AFB0A91}
		{DFB0CEB7-256A-4136-BCCA-D228F681C5A7} = {DFB0CEB7-256A-4136-BCCA-D228F681C5A7}
		{45E4742E-9B62-4D5A-BC1C-5BDEA6F56F04} = {45E4742E-9B62-4D5A-BC1C-5BDEA6F56F04}
	EndProjectSection
EndProject
Project("{8BC9CEB8-8B4A-11D0-8D11-00A0C91BC942}") = "win_api", "windows\win_api.vcxproj", "{45E4742E-9B62-4D5A-BC1C-5BDEA6F56F04}"
	ProjectSection(ProjectDependencies) = postProject
		{49CD280D-50F8-49C4-BD41-E8608AFB0A91} = {49CD280D-50F8-49C4-BD41-E8608AFB0A91}
	EndProjectSection
EndProject
Global
	GlobalSection(SolutionConfigurationPlatforms) = preSolution
		Debug|Win32 = Debug|Win32
		Release|Win32 = Release|Win32
		MinSizeRel|Win32 = MinSizeRel|Win32
		RelWithDebInfo|Win32 = RelWithDebInfo|Win32
	EndGlobalSection
	GlobalSection(ProjectConfigurationPlatforms) = postSolution
		{E77DBEAB-0D1D-4CE0-A23E-80F200E97A2C}.Debug|Win32.ActiveCfg = Debug|Win32
		{E77DBEAB-0D1D-4CE0-A23E-80F200E97A2C}.Release|Win32.ActiveCfg = Release|Win32
		{E77DBEAB-0D1D-4CE0-A23E-80F200E97A2C}.MinSizeRel|Win32.ActiveCfg = MinSizeRel|Win32
		{E77DBEAB-0D1D-4CE0-A23E-80F200E97A2C}.RelWithDebInfo|Win32.ActiveCfg = RelWithDebInfo|Win32
		{49CD280D-50F8-49C4-BD41-E8608AFB0A91}.Debug|Win32.ActiveCfg = Debug|Win32
		{49CD280D-50F8-49C4-BD41-E8608AFB0A91}.Debug|Win32.Build.0 = Debug|Win32
		{49CD280D-50F8-49C4-BD41-E8608AFB0A91}.Release|Win32.ActiveCfg = Release|Win32
		{49CD280D-50F8-49C4-BD41-E8608AFB0A91}.Release|Win32.Build.0 = Release|Win32
		{49CD280D-50F8-49C4-BD41-E8608AFB0A91}.MinSizeRel|Win32.ActiveCfg = MinSizeRel|Win32
		{49CD280D-50F8-49C4-BD41-E8608AFB0A91}.MinSizeRel|Win32.Build.0 = MinSizeRel|Win32
		{49CD280D-50F8-49C4-BD41-E8608AFB0A91}.RelWithDebInfo|Win32.ActiveCfg = RelWithDebInfo|Win32
		{49CD280D-50F8-49C4-BD41-E8608AFB0A91}.RelWithDebInfo|Win32.Build.0 = RelWithDebInfo|Win32
		{98D6557C-5189-4AC7-B27F-8D84B878D134}.Debug|Win32.ActiveCfg = Debug|Win32
		{98D6557C-5189-4AC7-B27F-8D84B878D134}.Debug|Win32.Build.0 = Debug|Win32
		{98D6557C-5189-4AC7-B27F-8D84B878D134}.Release|Win32.ActiveCfg = Release|Win32
		{98D6557C-5189-4AC7-B27F-8D84B878D134}.Release|Win32.Build.0 = Release|Win32
		{98D6557C-5189-4AC7-B27F-8D84B878D134}.MinSizeRel|Win32.ActiveCfg = MinSizeRel|Win32
		{98D6557C-5189-4AC7-B27F-8D84B878D134}.MinSizeRel|Win32.Build.0 = MinSizeRel|Win32
		{98D6557C-5189-4AC7-B27F-8D84B878D134}.RelWithDebInfo|Win32.ActiveCfg = RelWithDebInfo|Win32
		{98D6557C-5189-4AC7-B27F-8D84B878D134}.RelWithDebInfo|Win32.Build.0 = RelWithDebInfo|Win32
		{E0E7830B-776A-4062-836E-410CA2295C16}.Debug|Win32.ActiveCfg = Debug|Win32
		{E0E7830B-776A-4062-836E-410CA2295C16}.Debug|Win32.Build.0 = Debug|Win32
		{E0E7830B-776A-4062-836E-410CA2295C16}.Release|Win32.ActiveCfg = Release|Win32
		{E0E7830B-776A-4062-836E-410CA2295C16}.Release|Win32.Build.0 = Release|Win32
		{E0E7830B-776A-4062-836E-410CA2295C16}.MinSizeRel|Win32.ActiveCfg = MinSizeRel|Win32
		{E0E7830B-776A-4062-836E-410CA2295C16}.MinSizeRel|Win32.Build.0 = MinSizeRel|Win32
		{E0E7830B-776A-4062-836E-410CA2295C16}.RelWithDebInfo|Win32.ActiveCfg = RelWithDebInfo|Win32
		{E0E7830B-776A-4062-836E-410CA2295C16}.RelWithDebInfo|Win32.Build.0 = RelWithDebInfo|Win32
		{DFB0CEB7-256A-4136-BCCA-D228F681C5A7}.Debug|Win32.ActiveCfg = Debug|Win32
		{DFB0CEB7-256A-4136-BCCA-D228F681C5A7}.Debug|Win32.Build.0 = Debug|Win32
		{DFB0CEB7-256A-4136-BCCA-D228F681C5A7}.Release|Win32.ActiveCfg = Release|Win32
		{DFB0CEB7-256A-4136-BCCA-D228F681C5A7}.Release|Win32.Build.0 = Release|Win32
		{DFB0CEB7-256A-4136-BCCA-D228F681C5A7}.MinSizeRel|Win32.ActiveCfg = MinSizeRel|Win32
		{DFB0CEB7-256A-4136-BCCA-D228F681C5A7}.MinSizeRel|Win32.Build.0 = MinSizeRel|Win32
		{DFB0CEB7-256A-4136-BCCA-D228F681C5A7}.RelWithDebInfo|Win32.ActiveCfg = RelWithDebInfo|Win32
		{DFB0CEB7-256A-4136-BCCA-D228F681C5A7}.RelWithDebInfo|Win32.Build.0 = RelWithDebInfo|Win32
		{CD0FB8A7-45CC-4303-8D1C-0198B6714F67}.Debug|Win32.ActiveCfg = Debug|Win32
		{CD0FB8A7-45CC-4303-8D1C-0198B6714F67}.Debug|Win32.Build.0 = Debug|Win32
		{CD0FB8A7-45CC-4303-8D1C-0198B6714F67}.Release|Win32.ActiveCfg = Release|Win32
		{CD0FB8A7-45CC-4303-8D1C-0198B6714F67}.Release|Win32.Build.0 = Release|Win32
		{CD0FB8A7-45CC-4303-8D1C-0198B6714F67}.MinSizeRel|Win32.ActiveCfg = MinSizeRel|Win32
		{CD0FB8A7-45CC-4303-8D1C-0198B6714F67}.MinSizeRel|Win32.Build.0 = MinSizeRel|Win32
		{CD0FB8A7-45CC-4303-8D1C-0198B6714F67}.RelWithDebInfo|Win32.ActiveCfg = RelWithDebInfo|Win32
		{CD0FB8A7-45CC-4303-8D1C-0198B6714F67}.RelWithDebInfo|Win32.Build.0 = RelWithDebInfo|Win32
		{F5699D53-6162-40EB-AF10-430816E94E84}.Debug|Win32.ActiveCfg = Debug|Win32
		{F5699D53-6162-40EB-AF10-430816E94E84}.Debug|Win32.Build.0 = Debug|Win32
		{F5699D53-6162-40EB-AF10-430816E94E84}.Release|Win32.ActiveCfg = Release|Win32
		{F5699D53-6162-40EB-AF10-430816E94E84}.Release|Win32.Build.0 = Release|Win32
		{F5699D53-6162-40EB-AF10-430816E94E84}.MinSizeRel|Win32.ActiveCfg = MinSizeRel|Win32
		{F5699D53-6162-40EB-AF10-430816E94E84}.MinSizeRel|Win32.Build.0 = MinSizeRel|Win32
		{F5699D53-6162-40EB-AF10-430816E94E84}.RelWithDebInfo|Win32.ActiveCfg = RelWithDebInfo|Win32
		{F5699D53-6162-40EB-AF10-430816E94E84}.RelWithDebInfo|Win32.Build.0 = RelWithDebInfo|Win32
		{DE276111-E9A4-459F-A634-74DB70542343}.Debug|Win32.ActiveCfg = Debug|Win32
		{DE276111-E9A4-459F-A634-74DB70542343}.Debug|Win32.Build.0 = Debug|Win32
		{DE276111-E9A4-459F-A634-74DB70542343}.Release|Win32.ActiveCfg = Release|Win32
		{DE276111-E9A4-459F-A634-74DB70542343}.Release|Win32.Build.0 = Release|Win32
		{DE276111-E9A4-459F-A634-74DB70542343}.MinSizeRel|Win32.ActiveCfg = MinSizeRel|Win32
		{DE276111-E9A4-459F-A634-74DB70542343}.MinSizeRel|Win32.Build.0 = MinSizeRel|Win32
		{DE276111-E9A4-459F-A634-74DB70542343}.RelWithDebInfo|Win32.ActiveCfg = RelWithDebInfo|Win32
		{DE276111-E9A4-459F-A634-74DB70542343}.RelWithDebInfo|Win32.Build.0 = RelWithDebInfo|Win32
		{8D4BFBAA-88FD-4A68-B190-BCEAB34334F4}.Debug|Win32.ActiveCfg = Debug|Win32
		{8D4BFBAA-88FD-4A68-B190-BCEAB34334F4}.Debug|Win32.Build.0 = Debug|Win32
		{8D4BFBAA-88FD-4A68-B190-BCEAB34334F4}.Release|Win32.ActiveCfg = Release|Win32
		{8D4BFBAA-88FD-4A68-B190-BCEAB34334F4}.Release|Win32.Build.0 = Release|Win32
		{8D4BFBAA-88FD-4A68-B190-BCEAB34334F4}.MinSizeRel|Win32.ActiveCfg = MinSizeRel|Win32
		{8D4BFBAA-88FD-4A68-B190-BCEAB34334F4}.MinSizeRel|Win32.Build.0 = MinSizeRel|Win32
		{8D4BFBAA-88FD-4A68-B190-BCEAB34334F4}.RelWithDebInfo|Win32.ActiveCfg = RelWithDebInfo|Win32
		{8D4BFBAA-88FD-4A68-B190-BCEAB34334F4}.RelWithDebInfo|Win32.Build.0 = RelWithDebInfo|Win32
		{B1CECCFD-B38E-4148-AE2D-39B6A9AEFA29}.Debug|Win32.ActiveCfg = Debug|Win32
		{B1CECCFD-B38E-4148-AE2D-39B6A9AEFA29}.Debug|Win32.Build.0 = Debug|Win32
		{B1CECCFD-B38E-4148-AE2D-39B6A9AEFA29}.Release|Win32.ActiveCfg = Release|Win32
		{B1CECCFD-B38E-4148-AE2D-39B6A9AEFA29}.Release|Win32.Build.0 = Release|Win32
		{B1CECCFD-B38E-4148-AE2D-39B6A9AEFA29}.MinSizeRel|Win32.ActiveCfg = MinSizeRel|Win32
		{B1CECCFD-B38E-4148-AE2D-39B6A9AEFA29}.MinSizeRel|Win32.Build.0 = MinSizeRel|Win32
		{B1CECCFD-B38E-4148-AE2D-39B6A9AEFA29}.RelWithDebInfo|Win32.ActiveCfg = RelWithDebInfo|Win32
		{B1CECCFD-B38E-4148-AE2D-39B6A9AEFA29}.RelWithDebInfo|Win32.Build.0 = RelWithDebInfo|Win32
		{07346F89-FAE3-42D5-BE17-EBEA40E83FCD}.Debug|Win32.ActiveCfg = Debug|Win32
		{07346F89-FAE3-42D5-BE17-EBEA40E83FCD}.Debug|Win32.Build.0 = Debug|Win32
		{07346F89-FAE3-42D5-BE17-EBEA40E83FCD}.Release|Win32.ActiveCfg = Release|Win32
		{07346F89-FAE3-42D5-BE17-EBEA40E83FCD}.Release|Win32.Build.0 = Release|Win32
		{07346F89-FAE3-42D5-BE17-EBEA40E83FCD}.MinSizeRel|Win32.ActiveCfg = MinSizeRel|Win32
		{07346F89-FAE3-42D5-BE17-EBEA40E83FCD}.MinSizeRel|Win32.Build.0 = MinSizeRel|Win32
		{07346F89-FAE3-42D5-BE17-EBEA40E83FCD}.RelWithDebInfo|Win32.ActiveCfg = RelWithDebInfo|Win32
		{07346F89-FAE3-42D5-BE17-EBEA40E83FCD}.RelWithDebInfo|Win32.Build.0 = RelWithDebInfo|Win32
		{F4CA26DE-17AE-411B-820B-31F6550CBF5A}.Debug|Win32.ActiveCfg = Debug|Win32
		{F4CA26DE-17AE-411B-820B-31F6550CBF5A}.Debug|Win32.Build.0 = Debug|Win32
		{F4CA26DE-17AE-411B-820B-31F6550CBF5A}.Release|Win32.ActiveCfg = Release|Win32
		{F4CA26DE-17AE-411B-820B-31F6550CBF5A}.Release|Win32.Build.0 = Release|Win32
		{F4CA26DE-17AE-411B-820B-31F6550CBF5A}.MinSizeRel|Win32.ActiveCfg = MinSizeRel|Win32
		{F4CA26DE-17AE-411B-820B-31F6550CBF5A}.MinSizeRel|Win32.Build.0 = MinSizeRel|Win32
		{F4CA26DE-17AE-411B-820B-31F6550CBF5A}.RelWithDebInfo|Win32.ActiveCfg = RelWithDebInfo|Win32
		{F4CA26DE-17AE-411B-820B-31F6550CBF5A}.RelWithDebInfo|Win32.Build.0 = RelWithDebInfo|Win32
		{9EC3EA8A-2F96-4837-80F8-98254A80232E}.Debug|Win32.ActiveCfg = Debug|Win32
		{9EC3EA8A-2F96-4837-80F8-98254A80232E}.Debug|Win32.Build.0 = Debug|Win32
		{9EC3EA8A-2F96-4837-80F8-98254A80232E}.Release|Win32.ActiveCfg = Release|Win32
		{9EC3EA8A-2F96-4837-80F8-98254A80232E}.Release|Win32.Build.0 = Release|Win32
		{9EC3EA8A-2F96-4837-80F8-98254A80232E}.MinSizeRel|Win32.ActiveCfg = MinSizeRel|Win32
		{9EC3EA8A-2F96-4837-80F8-98254A80232E}.MinSizeRel|Win32.Build.0 = MinSizeRel|Win32
		{9EC3EA8A-2F96-4837-80F8-98254A80232E}.RelWithDebInfo|Win32.ActiveCfg = RelWithDebInfo|Win32
		{9EC3EA8A-2F96-4837-80F8-98254A80232E}.RelWithDebInfo|Win32.Build.0 = RelWithDebInfo|Win32
		{66428CCD-865F-4619-9970-FB9DC49BC951}.Debug|Win32.ActiveCfg = Debug|Win32
		{66428CCD-865F-4619-9970-FB9DC49BC951}.Debug|Win32.Build.0 = Debug|Win32
		{66428CCD-865F-4619-9970-FB9DC49BC951}.Release|Win32.ActiveCfg = Release|Win32
		{66428CCD-865F-4619-9970-FB9DC49BC951}.Release|Win32.Build.0 = Release|Win32
		{66428CCD-865F-4619-9970-FB9DC49BC951}.MinSizeRel|Win32.ActiveCfg = MinSizeRel|Win32
		{66428CCD-865F-4619-9970-FB9DC49BC951}.MinSizeRel|Win32.Build.0 = MinSizeRel|Win32
		{66428CCD-865F-4619-9970-FB9DC49BC951}.RelWithDebInfo|Win32.ActiveCfg = RelWithDebInfo|Win32
		{66428CCD-865F-4619-9970-FB9DC49BC951}.RelWithDebInfo|Win32.Build.0 = RelWithDebInfo|Win32
		{8A6D11D5-459C-4D25-9B36-1D83283A0A40}.Debug|Win32.ActiveCfg = Debug|Win32
		{8A6D11D5-459C-4D25-9B36-1D83283A0A40}.Debug|Win32.Build.0 = Debug|Win32
		{8A6D11D5-459C-4D25-9B36-1D83283A0A40}.Release|Win32.ActiveCfg = Release|Win32
		{8A6D11D5-459C-4D25-9B36-1D83283A0A40}.Release|Win32.Build.0 = Release|Win32
		{8A6D11D5-459C-4D25-9B36-1D83283A0A40}.MinSizeRel|Win32.ActiveCfg = MinSizeRel|Win32
		{8A6D11D5-459C-4D25-9B36-1D83283A0A40}.MinSizeRel|Win32.Build.0 = MinSizeRel|Win32
		{8A6D11D5-459C-4D25-9B36-1D83283A0A40}.RelWithDebInfo|Win32.ActiveCfg = RelWithDebInfo|Win32
		{8A6D11D5-459C-4D25-9B36-1D83283A0A40}.RelWithDebInfo|Win32.Build.0 = RelWithDebInfo|Win32
		{BBCDC331-04B9-47EA-A903-DD756F7F6211}.Debug|Win32.ActiveCfg = Debug|Win32
		{BBCDC331-04B9-47EA-A903-DD756F7F6211}.Debug|Win32.Build.0 = Debug|Win32
		{BBCDC331-04B9-47EA-A903-DD756F7F6211}.Release|Win32.ActiveCfg = Release|Win32
		{BBCDC331-04B9-47EA-A903-DD756F7F6211}.Release|Win32.Build.0 = Release|Win32
		{BBCDC331-04B9-47EA-A903-DD756F7F6211}.MinSizeRel|Win32.ActiveCfg = MinSizeRel|Win32
		{BBCDC331-04B9-47EA-A903-DD756F7F6211}.MinSizeRel|Win32.Build.0 = MinSizeRel|Win32
		{BBCDC331-04B9-47EA-A903-DD756F7F6211}.RelWithDebInfo|Win32.ActiveCfg = RelWithDebInfo|Win32
		{BBCDC331-04B9-47EA-A903-DD756F7F6211}.RelWithDebInfo|Win32.Build.0 = RelWithDebInfo|Win32
		{E0789291-C6D8-4D2E-936F-3F4076E1ECC4}.Debug|Win32.ActiveCfg = Debug|Win32
		{E0789291-C6D8-4D2E-936F-3F4076E1ECC4}.Debug|Win32.Build.0 = Debug|Win32
		{E0789291-C6D8-4D2E-936F-3F4076E1ECC4}.Release|Win32.ActiveCfg = Release|Win32
		{E0789291-C6D8-4D2E-936F-3F4076E1ECC4}.Release|Win32.Build.0 = Release|Win32
		{E0789291-C6D8-4D2E-936F-3F4076E1ECC4}.MinSizeRel|Win32.ActiveCfg = MinSizeRel|Win32
		{E0789291-C6D8-4D2E-936F-3F4076E1ECC4}.MinSizeRel|Win32.Build.0 = MinSizeRel|Win32
		{E0789291-C6D8-4D2E-936F-3F4076E1ECC4}.RelWithDebInfo|Win32.ActiveCfg = RelWithDebInfo|Win32
		{E0789291-C6D8-4D2E-936F-3F4076E1ECC4}.RelWithDebInfo|Win32.Build.0 = RelWithDebInfo|Win32
		{A36D66B5-86AB-4553-B27C-4D7593D7B7B4}.Debug|Win32.ActiveCfg = Debug|Win32
		{A36D66B5-86AB-4553-B27C-4D7593D7B7B4}.Debug|Win32.Build.0 = Debug|Win32
		{A36D66B5-86AB-4553-B27C-4D7593D7B7B4}.Release|Win32.ActiveCfg = Release|Win32
		{A36D66B5-86AB-4553-B27C-4D7593D7B7B4}.Release|Win32.Build.0 = Release|Win32
		{A36D66B5-86AB-4553-B27C-4D7593D7B7B4}.MinSizeRel|Win32.ActiveCfg = MinSizeRel|Win32
		{A36D66B5-86AB-4553-B27C-4D7593D7B7B4}.MinSizeRel|Win32.Build.0 = MinSizeRel|Win32
		{A36D66B5-86AB-4553-B27C-4D7593D7B7B4}.RelWithDebInfo|Win32.ActiveCfg = RelWithDebInfo|Win32
		{A36D66B5-86AB-4553-B27C-4D7593D7B7B4}.RelWithDebInfo|Win32.Build.0 = RelWithDebInfo|Win32
		{C533030E-8D5C-469A-8345-83B306D6DD20}.Debug|Win32.ActiveCfg = Debug|Win32
		{C533030E-8D5C-469A-8345-83B306D6DD20}.Debug|Win32.Build.0 = Debug|Win32
		{C533030E-8D5C-469A-8345-83B306D6DD20}.Release|Win32.ActiveCfg = Release|Win32
		{C533030E-8D5C-469A-8345-83B306D6DD20}.Release|Win32.Build.0 = Release|Win32
		{C533030E-8D5C-469A-8345-83B306D6DD20}.MinSizeRel|Win32.ActiveCfg = MinSizeRel|Win32
		{C533030E-8D5C-469A-8345-83B306D6DD20}.MinSizeRel|Win32.Build.0 = MinSizeRel|Win32
		{C533030E-8D5C-469A-8345-83B306D6DD20}.RelWithDebInfo|Win32.ActiveCfg = RelWithDebInfo|Win32
		{C533030E-8D5C-469A-8345-83B306D6DD20}.RelWithDebInfo|Win32.Build.0 = RelWithDebInfo|Win32
		{3BDAEBA6-1795-4FF2-B493-4E8E7489254C}.Debug|Win32.ActiveCfg = Debug|Win32
		{3BDAEBA6-1795-4FF2-B493-4E8E7489254C}.Debug|Win32.Build.0 = Debug|Win32
		{3BDAEBA6-1795-4FF2-B493-4E8E7489254C}.Release|Win32.ActiveCfg = Release|Win32
		{3BDAEBA6-1795-4FF2-B493-4E8E7489254C}.Release|Win32.Build.0 = Release|Win32
		{3BDAEBA6-1795-4FF2-B493-4E8E7489254C}.MinSizeRel|Win32.ActiveCfg = MinSizeRel|Win32
		{3BDAEBA6-1795-4FF2-B493-4E8E7489254C}.MinSizeRel|Win32.Build.0 = MinSizeRel|Win32
		{3BDAEBA6-1795-4FF2-B493-4E8E7489254C}.RelWithDebInfo|Win32.ActiveCfg = RelWithDebInfo|Win32
		{3BDAEBA6-1795-4FF2-B493-4E8E7489254C}.RelWithDebInfo|Win32.Build.0 = RelWithDebInfo|Win32
		{C359CD4B-208D-4D7C-AA91-0DBF6171D706}.Debug|Win32.ActiveCfg = Debug|Win32
		{C359CD4B-208D-4D7C-AA91-0DBF6171D706}.Debug|Win32.Build.0 = Debug|Win32
		{C359CD4B-208D-4D7C-AA91-0DBF6171D706}.Release|Win32.ActiveCfg = Release|Win32
		{C359CD4B-208D-4D7C-AA91-0DBF6171D706}.Release|Win32.Build.0 = Release|Win32
		{C359CD4B-208D-4D7C-AA91-0DBF6171D706}.MinSizeRel|Win32.ActiveCfg = MinSizeRel|Win32
		{C359CD4B-208D-4D7C-AA91-0DBF6171D706}.MinSizeRel|Win32.Build.0 = MinSizeRel|Win32
		{C359CD4B-208D-4D7C-AA91-0DBF6171D706}.RelWithDebInfo|Win32.ActiveCfg = RelWithDebInfo|Win32
		{C359CD4B-208D-4D7C-AA91-0DBF6171D706}.RelWithDebInfo|Win32.Build.0 = RelWithDebInfo|Win32
		{792FDEF3-321E-460D-9109-25C91649FB4C}.Debug|Win32.ActiveCfg = Debug|Win32
		{792FDEF3-321E-460D-9109-25C91649FB4C}.Debug|Win32.Build.0 = Debug|Win32
		{792FDEF3-321E-460D-9109-25C91649FB4C}.Release|Win32.ActiveCfg = Release|Win32
		{792FDEF3-321E-460D-9109-25C91649FB4C}.Release|Win32.Build.0 = Release|Win32
		{792FDEF3-321E-460D-9109-25C91649FB4C}.MinSizeRel|Win32.ActiveCfg = MinSizeRel|Win32
		{792FDEF3-321E-460D-9109-25C91649FB4C}.MinSizeRel|Win32.Build.0 = MinSizeRel|Win32
		{792FDEF3-321E-460D-9109-25C91649FB4C}.RelWithDebInfo|Win32.ActiveCfg = RelWithDebInfo|Win32
		{792FDEF3-321E-460D-9109-25C91649FB4C}.RelWithDebInfo|Win32.Build.0 = RelWithDebInfo|Win32
		{08A7B06C-3FA2-45CC-9DEC-AB1B5D3F8256}.Debug|Win32.ActiveCfg = Debug|Win32
		{08A7B06C-3FA2-45CC-9DEC-AB1B5D3F8256}.Debug|Win32.Build.0 = Debug|Win32
		{08A7B06C-3FA2-45CC-9DEC-AB1B5D3F8256}.Release|Win32.ActiveCfg = Release|Win32
		{08A7B06C-3FA2-45CC-9DEC-AB1B5D3F8256}.Release|Win32.Build.0 = Release|Win32
		{08A7B06C-3FA2-45CC-9DEC-AB1B5D3F8256}.MinSizeRel|Win32.ActiveCfg = MinSizeRel|Win32
		{08A7B06C-3FA2-45CC-9DEC-AB1B5D3F8256}.MinSizeRel|Win32.Build.0 = MinSizeRel|Win32
		{08A7B06C-3FA2-45CC-9DEC-AB1B5D3F8256}.RelWithDebInfo|Win32.ActiveCfg = RelWithDebInfo|Win32
		{08A7B06C-3FA2-45CC-9DEC-AB1B5D3F8256}.RelWithDebInfo|Win32.Build.0 = RelWithDebInfo|Win32
		{481ED70C-4399-4112-B361-40ED1DBEC5A9}.Debug|Win32.ActiveCfg = Debug|Win32
		{481ED70C-4399-4112-B361-40ED1DBEC5A9}.Debug|Win32.Build.0 = Debug|Win32
		{481ED70C-4399-4112-B361-40ED1DBEC5A9}.Release|Win32.ActiveCfg = Release|Win32
		{481ED70C-4399-4112-B361-40ED1DBEC5A9}.Release|Win32.Build.0 = Release|Win32
		{481ED70C-4399-4112-B361-40ED1DBEC5A9}.MinSizeRel|Win32.ActiveCfg = MinSizeRel|Win32
		{481ED70C-4399-4112-B361-40ED1DBEC5A9}.MinSizeRel|Win32.Build.0 = MinSizeRel|Win32
		{481ED70C-4399-4112-B361-40ED1DBEC5A9}.RelWithDebInfo|Win32.ActiveCfg = RelWithDebInfo|Win32
		{481ED70C-4399-4112-B361-40ED1DBEC5A9}.RelWithDebInfo|Win32.Build.0 = RelWithDebInfo|Win32
		{3BD6ADAF-210E-4AFF-9229-B4DF412B1C2D}.Debug|Win32.ActiveCfg = Debug|Win32
		{3BD6ADAF-210E-4AFF-9229-B4DF412B1C2D}.Debug|Win32.Build.0 = Debug|Win32
		{3BD6ADAF-210E-4AFF-9229-B4DF412B1C2D}.Release|Win32.ActiveCfg = Release|Win32
		{3BD6ADAF-210E-4AFF-9229-B4DF412B1C2D}.Release|Win32.Build.0 = Release|Win32
		{3BD6ADAF-210E-4AFF-9229-B4DF412B1C2D}.MinSizeRel|Win32.ActiveCfg = MinSizeRel|Win32
		{3BD6ADAF-210E-4AFF-9229-B4DF412B1C2D}.MinSizeRel|Win32.Build.0 = MinSizeRel|Win32
		{3BD6ADAF-210E-4AFF-9229-B4DF412B1C2D}.RelWithDebInfo|Win32.ActiveCfg = RelWithDebInfo|Win32
		{3BD6ADAF-210E-4AFF-9229-B4DF412B1C2D}.RelWithDebInfo|Win32.Build.0 = RelWithDebInfo|Win32
		{8760F9D7-04C1-4424-9D47-3309F2C1C92E}.Debug|Win32.ActiveCfg = Debug|Win32
		{8760F9D7-04C1-4424-9D47-3309F2C1C92E}.Debug|Win32.Build.0 = Debug|Win32
		{8760F9D7-04C1-4424-9D47-3309F2C1C92E}.Release|Win32.ActiveCfg = Release|Win32
		{8760F9D7-04C1-4424-9D47-3309F2C1C92E}.Release|Win32.Build.0 = Release|Win32
		{8760F9D7-04C1-4424-9D47-3309F2C1C92E}.MinSizeRel|Win32.ActiveCfg = MinSizeRel|Win32
		{8760F9D7-04C1-4424-9D47-3309F2C1C92E}.MinSizeRel|Win32.Build.0 = MinSizeRel|Win32
		{8760F9D7-04C1-4424-9D47-3309F2C1C92E}.RelWithDebInfo|Win32.ActiveCfg = RelWithDebInfo|Win32
		{8760F9D7-04C1-4424-9D47-3309F2C1C92E}.RelWithDebInfo|Win32.Build.0 = RelWithDebInfo|Win32
		{F5D44709-D28A-4C2B-B113-921592C0F19C}.Debug|Win32.ActiveCfg = Debug|Win32
		{F5D44709-D28A-4C2B-B113-921592C0F19C}.Debug|Win32.Build.0 = Debug|Win32
		{F5D44709-D28A-4C2B-B113-921592C0F19C}.Release|Win32.ActiveCfg = Release|Win32
		{F5D44709-D28A-4C2B-B113-921592C0F19C}.Release|Win32.Build.0 = Release|Win32
		{F5D44709-D28A-4C2B-B113-921592C0F19C}.MinSizeRel|Win32.ActiveCfg = MinSizeRel|Win32
		{F5D44709-D28A-4C2B-B113-921592C0F19C}.MinSizeRel|Win32.Build.0 = MinSizeRel|Win32
		{F5D44709-D28A-4C2B-B113-921592C0F19C}.RelWithDebInfo|Win32.ActiveCfg = RelWithDebInfo|Win32
		{F5D44709-D28A-4C2B-B113-921592C0F19C}.RelWithDebInfo|Win32.Build.0 = RelWithDebInfo|Win32
		{C50F7E8D-EE57-4C61-8567-12E27CEB777B}.Debug|Win32.ActiveCfg = Debug|Win32
		{C50F7E8D-EE57-4C61-8567-12E27CEB777B}.Debug|Win32.Build.0 = Debug|Win32
		{C50F7E8D-EE57-4C61-8567-12E27CEB777B}.Release|Win32.ActiveCfg = Release|Win32
		{C50F7E8D-EE57-4C61-8567-12E27CEB777B}.Release|Win32.Build.0 = Release|Win32
		{C50F7E8D-EE57-4C61-8567-12E27CEB777B}.MinSizeRel|Win32.ActiveCfg = MinSizeRel|Win32
		{C50F7E8D-EE57-4C61-8567-12E27CEB777B}.MinSizeRel|Win32.Build.0 = MinSizeRel|Win32
		{C50F7E8D-EE57-4C61-8567-12E27CEB777B}.RelWithDebInfo|Win32.ActiveCfg = RelWithDebInfo|Win32
		{C50F7E8D-EE57-4C61-8567-12E27CEB777B}.RelWithDebInfo|Win32.Build.0 = RelWithDebInfo|Win32
		{979929CF-9B9C-4ED4-8BDB-1C2010C1CBCA}.Debug|Win32.ActiveCfg = Debug|Win32
		{979929CF-9B9C-4ED4-8BDB-1C2010C1CBCA}.Debug|Win32.Build.0 = Debug|Win32
		{979929CF-9B9C-4ED4-8BDB-1C2010C1CBCA}.Release|Win32.ActiveCfg = Release|Win32
		{979929CF-9B9C-4ED4-8BDB-1C2010C1CBCA}.Release|Win32.Build.0 = Release|Win32
		{979929CF-9B9C-4ED4-8BDB-1C2010C1CBCA}.MinSizeRel|Win32.ActiveCfg = MinSizeRel|Win32
		{979929CF-9B9C-4ED4-8BDB-1C2010C1CBCA}.MinSizeRel|Win32.Build.0 = MinSizeRel|Win32
		{979929CF-9B9C-4ED4-8BDB-1C2010C1CBCA}.RelWithDebInfo|Win32.ActiveCfg = RelWithDebInfo|Win32
		{979929CF-9B9C-4ED4-8BDB-1C2010C1CBCA}.RelWithDebInfo|Win32.Build.0 = RelWithDebInfo|Win32
		{3DB445E9-8A54-44A8-9F62-C8B494AE4C72}.Debug|Win32.ActiveCfg = Debug|Win32
		{3DB445E9-8A54-44A8-9F62-C8B494AE4C72}.Debug|Win32.Build.0 = Debug|Win32
		{3DB445E9-8A54-44A8-9F62-C8B494AE4C72}.Release|Win32.ActiveCfg = Release|Win32
		{3DB445E9-8A54-44A8-9F62-C8B494AE4C72}.Release|Win32.Build.0 = Release|Win32
		{3DB445E9-8A54-44A8-9F62-C8B494AE4C72}.MinSizeRel|Win32.ActiveCfg = MinSizeRel|Win32
		{3DB445E9-8A54-44A8-9F62-C8B494AE4C72}.MinSizeRel|Win32.Build.0 = MinSizeRel|Win32
		{3DB445E9-8A54-44A8-9F62-C8B494AE4C72}.RelWithDebInfo|Win32.ActiveCfg = RelWithDebInfo|Win32
		{3DB445E9-8A54-44A8-9F62-C8B494AE4C72}.RelWithDebInfo|Win32.Build.0 = RelWithDebInfo|Win32
		{3B8BEEB1-76CB-46C9-BC04-153DB43B4ACC}.Debug|Win32.ActiveCfg = Debug|Win32
		{3B8BEEB1-76CB-46C9-BC04-153DB43B4ACC}.Debug|Win32.Build.0 = Debug|Win32
		{3B8BEEB1-76CB-46C9-BC04-153DB43B4ACC}.Release|Win32.ActiveCfg = Release|Win32
		{3B8BEEB1-76CB-46C9-BC04-153DB43B4ACC}.Release|Win32.Build.0 = Release|Win32
		{3B8BEEB1-76CB-46C9-BC04-153DB43B4ACC}.MinSizeRel|Win32.ActiveCfg = MinSizeRel|Win32
		{3B8BEEB1-76CB-46C9-BC04-153DB43B4ACC}.MinSizeRel|Win32.Build.0 = MinSizeRel|Win32
		{3B8BEEB1-76CB-46C9-BC04-153DB43B4ACC}.RelWithDebInfo|Win32.ActiveCfg = RelWithDebInfo|Win32
		{3B8BEEB1-76CB-46C9-BC04-153DB43B4ACC}.RelWithDebInfo|Win32.Build.0 = RelWithDebInfo|Win32
		{FA368881-825E-45EC-9C73-11CE92E0809A}.Debug|Win32.ActiveCfg = Debug|Win32
		{FA368881-825E-45EC-9C73-11CE92E0809A}.Debug|Win32.Build.0 = Debug|Win32
		{FA368881-825E-45EC-9C73-11CE92E0809A}.Release|Win32.ActiveCfg = Release|Win32
		{FA368881-825E-45EC-9C73-11CE92E0809A}.Release|Win32.Build.0 = Release|Win32
		{FA368881-825E-45EC-9C73-11CE92E0809A}.MinSizeRel|Win32.ActiveCfg = MinSizeRel|Win32
		{FA368881-825E-45EC-9C73-11CE92E0809A}.MinSizeRel|Win32.Build.0 = MinSizeRel|Win32
		{FA368881-825E-45EC-9C73-11CE92E0809A}.RelWithDebInfo|Win32.ActiveCfg = RelWithDebInfo|Win32
		{FA368881-825E-45EC-9C73-11CE92E0809A}.RelWithDebInfo|Win32.Build.0 = RelWithDebInfo|Win32
		{CC35DEF1-D0A3-49C0-A26A-495597A17CB0}.Debug|Win32.ActiveCfg = Debug|Win32
		{CC35DEF1-D0A3-49C0-A26A-495597A17CB0}.Debug|Win32.Build.0 = Debug|Win32
		{CC35DEF1-D0A3-49C0-A26A-495597A17CB0}.Release|Win32.ActiveCfg = Release|Win32
		{CC35DEF1-D0A3-49C0-A26A-495597A17CB0}.Release|Win32.Build.0 = Release|Win32
		{CC35DEF1-D0A3-49C0-A26A-495597A17CB0}.MinSizeRel|Win32.ActiveCfg = MinSizeRel|Win32
		{CC35DEF1-D0A3-49C0-A26A-495597A17CB0}.MinSizeRel|Win32.Build.0 = MinSizeRel|Win32
		{CC35DEF1-D0A3-49C0-A26A-495597A17CB0}.RelWithDebInfo|Win32.ActiveCfg = RelWithDebInfo|Win32
		{CC35DEF1-D0A3-49C0-A26A-495597A17CB0}.RelWithDebInfo|Win32.Build.0 = RelWithDebInfo|Win32
		{C0317787-DD09-4575-B663-FCA69B66AED9}.Debug|Win32.ActiveCfg = Debug|Win32
		{C0317787-DD09-4575-B663-FCA69B66AED9}.Debug|Win32.Build.0 = Debug|Win32
		{C0317787-DD09-4575-B663-FCA69B66AED9}.Release|Win32.ActiveCfg = Release|Win32
		{C0317787-DD09-4575-B663-FCA69B66AED9}.Release|Win32.Build.0 = Release|Win32
		{C0317787-DD09-4575-B663-FCA69B66AED9}.MinSizeRel|Win32.ActiveCfg = MinSizeRel|Win32
		{C0317787-DD09-4575-B663-FCA69B66AED9}.MinSizeRel|Win32.Build.0 = MinSizeRel|Win32
		{C0317787-DD09-4575-B663-FCA69B66AED9}.RelWithDebInfo|Win32.ActiveCfg = RelWithDebInfo|Win32
		{C0317787-DD09-4575-B663-FCA69B66AED9}.RelWithDebInfo|Win32.Build.0 = RelWithDebInfo|Win32
		{B3B51A0F-3EEA-442F-8817-FAD35BBAAE63}.Debug|Win32.ActiveCfg = Debug|Win32
		{B3B51A0F-3EEA-442F-8817-FAD35BBAAE63}.Debug|Win32.Build.0 = Debug|Win32
		{B3B51A0F-3EEA-442F-8817-FAD35BBAAE63}.Release|Win32.ActiveCfg = Release|Win32
		{B3B51A0F-3EEA-442F-8817-FAD35BBAAE63}.Release|Win32.Build.0 = Release|Win32
		{B3B51A0F-3EEA-442F-8817-FAD35BBAAE63}.MinSizeRel|Win32.ActiveCfg = MinSizeRel|Win32
		{B3B51A0F-3EEA-442F-8817-FAD35BBAAE63}.MinSizeRel|Win32.Build.0 = MinSizeRel|Win32
		{B3B51A0F-3EEA-442F-8817-FAD35BBAAE63}.RelWithDebInfo|Win32.ActiveCfg = RelWithDebInfo|Win32
		{B3B51A0F-3EEA-442F-8817-FAD35BBAAE63}.RelWithDebInfo|Win32.Build.0 = RelWithDebInfo|Win32
		{987B96CE-61FA-469F-B193-95FD2C51C97B}.Debug|Win32.ActiveCfg = Debug|Win32
		{987B96CE-61FA-469F-B193-95FD2C51C97B}.Debug|Win32.Build.0 = Debug|Win32
		{987B96CE-61FA-469F-B193-95FD2C51C97B}.Release|Win32.ActiveCfg = Release|Win32
		{987B96CE-61FA-469F-B193-95FD2C51C97B}.Release|Win32.Build.0 = Release|Win32
		{987B96CE-61FA-469F-B193-95FD2C51C97B}.MinSizeRel|Win32.ActiveCfg = MinSizeRel|Win32
		{987B96CE-61FA-469F-B193-95FD2C51C97B}.MinSizeRel|Win32.Build.0 = MinSizeRel|Win32
		{987B96CE-61FA-469F-B193-95FD2C51C97B}.RelWithDebInfo|Win32.ActiveCfg = RelWithDebInfo|Win32
		{987B96CE-61FA-469F-B193-95FD2C51C97B}.RelWithDebInfo|Win32.Build.0 = RelWithDebInfo|Win32
		{E9C2B970-B6B0-4DFF-9F30-7CAFA078D3F0}.Debug|Win32.ActiveCfg = Debug|Win32
		{E9C2B970-B6B0-4DFF-9F30-7CAFA078D3F0}.Debug|Win32.Build.0 = Debug|Win32
		{E9C2B970-B6B0-4DFF-9F30-7CAFA078D3F0}.Release|Win32.ActiveCfg = Release|Win32
		{E9C2B970-B6B0-4DFF-9F30-7CAFA078D3F0}.Release|Win32.Build.0 = Release|Win32
		{E9C2B970-B6B0-4DFF-9F30-7CAFA078D3F0}.MinSizeRel|Win32.ActiveCfg = MinSizeRel|Win32
		{E9C2B970-B6B0-4DFF-9F30-7CAFA078D3F0}.MinSizeRel|Win32.Build.0 = MinSizeRel|Win32
		{E9C2B970-B6B0-4DFF-9F30-7CAFA078D3F0}.RelWithDebInfo|Win32.ActiveCfg = RelWithDebInfo|Win32
		{E9C2B970-B6B0-4DFF-9F30-7CAFA078D3F0}.RelWithDebInfo|Win32.Build.0 = RelWithDebInfo|Win32
		{DC784CF9-E675-4A94-9631-0E1CCB0D66B8}.Debug|Win32.ActiveCfg = Debug|Win32
		{DC784CF9-E675-4A94-9631-0E1CCB0D66B8}.Debug|Win32.Build.0 = Debug|Win32
		{DC784CF9-E675-4A94-9631-0E1CCB0D66B8}.Release|Win32.ActiveCfg = Release|Win32
		{DC784CF9-E675-4A94-9631-0E1CCB0D66B8}.Release|Win32.Build.0 = Release|Win32
		{DC784CF9-E675-4A94-9631-0E1CCB0D66B8}.MinSizeRel|Win32.ActiveCfg = MinSizeRel|Win32
		{DC784CF9-E675-4A94-9631-0E1CCB0D66B8}.MinSizeRel|Win32.Build.0 = MinSizeRel|Win32
		{DC784CF9-E675-4A94-9631-0E1CCB0D66B8}.RelWithDebInfo|Win32.ActiveCfg = RelWithDebInfo|Win32
		{DC784CF9-E675-4A94-9631-0E1CCB0D66B8}.RelWithDebInfo|Win32.Build.0 = RelWithDebInfo|Win32
		{192CB55C-6FFF-4166-811A-2EF2F3EEEE6D}.Debug|Win32.ActiveCfg = Debug|Win32
		{192CB55C-6FFF-4166-811A-2EF2F3EEEE6D}.Debug|Win32.Build.0 = Debug|Win32
		{192CB55C-6FFF-4166-811A-2EF2F3EEEE6D}.Release|Win32.ActiveCfg = Release|Win32
		{192CB55C-6FFF-4166-811A-2EF2F3EEEE6D}.Release|Win32.Build.0 = Release|Win32
		{192CB55C-6FFF-4166-811A-2EF2F3EEEE6D}.MinSizeRel|Win32.ActiveCfg = MinSizeRel|Win32
		{192CB55C-6FFF-4166-811A-2EF2F3EEEE6D}.MinSizeRel|Win32.Build.0 = MinSizeRel|Win32
		{192CB55C-6FFF-4166-811A-2EF2F3EEEE6D}.RelWithDebInfo|Win32.ActiveCfg = RelWithDebInfo|Win32
		{192CB55C-6FFF-4166-811A-2EF2F3EEEE6D}.RelWithDebInfo|Win32.Build.0 = RelWithDebInfo|Win32
		{5BABDB99-4CF9-405B-BEA6-C85CDB40B637}.Debug|Win32.ActiveCfg = Debug|Win32
		{5BABDB99-4CF9-405B-BEA6-C85CDB40B637}.Debug|Win32.Build.0 = Debug|Win32
		{5BABDB99-4CF9-405B-BEA6-C85CDB40B637}.Release|Win32.ActiveCfg = Release|Win32
		{5BABDB99-4CF9-405B-BEA6-C85CDB40B637}.Release|Win32.Build.0 = Release|Win32
		{5BABDB99-4CF9-405B-BEA6-C85CDB40B637}.MinSizeRel|Win32.ActiveCfg = MinSizeRel|Win32
		{5BABDB99-4CF9-405B-BEA6-C85CDB40B637}.MinSizeRel|Win32.Build.0 = MinSizeRel|Win32
		{5BABDB99-4CF9-405B-BEA6-C85CDB40B637}.RelWithDebInfo|Win32.ActiveCfg = RelWithDebInfo|Win32
		{5BABDB99-4CF9-405B-BEA6-C85CDB40B637}.RelWithDebInfo|Win32.Build.0 = RelWithDebInfo|Win32
		{7C582FEA-8FAC-4261-BAE7-D5A63FE7C62C}.Debug|Win32.ActiveCfg = Debug|Win32
		{7C582FEA-8FAC-4261-BAE7-D5A63FE7C62C}.Debug|Win32.Build.0 = Debug|Win32
		{7C582FEA-8FAC-4261-BAE7-D5A63FE7C62C}.Release|Win32.ActiveCfg = Release|Win32
		{7C582FEA-8FAC-4261-BAE7-D5A63FE7C62C}.Release|Win32.Build.0 = Release|Win32
		{7C582FEA-8FAC-4261-BAE7-D5A63FE7C62C}.MinSizeRel|Win32.ActiveCfg = MinSizeRel|Win32
		{7C582FEA-8FAC-4261-BAE7-D5A63FE7C62C}.MinSizeRel|Win32.Build.0 = MinSizeRel|Win32
		{7C582FEA-8FAC-4261-BAE7-D5A63FE7C62C}.RelWithDebInfo|Win32.ActiveCfg = RelWithDebInfo|Win32
		{7C582FEA-8FAC-4261-BAE7-D5A63FE7C62C}.RelWithDebInfo|Win32.Build.0 = RelWithDebInfo|Win32
		{A58D6850-B804-45D1-B058-07C455B2C308}.Debug|Win32.ActiveCfg = Debug|Win32
		{A58D6850-B804-45D1-B058-07C455B2C308}.Debug|Win32.Build.0 = Debug|Win32
		{A58D6850-B804-45D1-B058-07C455B2C308}.Release|Win32.ActiveCfg = Release|Win32
		{A58D6850-B804-45D1-B058-07C455B2C308}.Release|Win32.Build.0 = Release|Win32
		{A58D6850-B804-45D1-B058-07C455B2C308}.MinSizeRel|Win32.ActiveCfg = MinSizeRel|Win32
		{A58D6850-B804-45D1-B058-07C455B2C308}.MinSizeRel|Win32.Build.0 = MinSizeRel|Win32
		{A58D6850-B804-45D1-B058-07C455B2C308}.RelWithDebInfo|Win32.ActiveCfg = RelWithDebInfo|Win32
		{A58D6850-B804-45D1-B058-07C455B2C308}.RelWithDebInfo|Win32.Build.0 = RelWithDebInfo|Win32
		{28ADA337-34DD-47F2-94B4-84D7A31310CE}.Debug|Win32.ActiveCfg = Debug|Win32
		{28ADA337-34DD-47F2-94B4-84D7A31310CE}.Debug|Win32.Build.0 = Debug|Win32
		{28ADA337-34DD-47F2-94B4-84D7A31310CE}.Release|Win32.ActiveCfg = Release|Win32
		{28ADA337-34DD-47F2-94B4-84D7A31310CE}.Release|Win32.Build.0 = Release|Win32
		{28ADA337-34DD-47F2-94B4-84D7A31310CE}.MinSizeRel|Win32.ActiveCfg = MinSizeRel|Win32
		{28ADA337-34DD-47F2-94B4-84D7A31310CE}.MinSizeRel|Win32.Build.0 = MinSizeRel|Win32
		{28ADA337-34DD-47F2-94B4-84D7A31310CE}.RelWithDebInfo|Win32.ActiveCfg = RelWithDebInfo|Win32
		{28ADA337-34DD-47F2-94B4-84D7A31310CE}.RelWithDebInfo|Win32.Build.0 = RelWithDebInfo|Win32
		{6CF7145A-15C0-40A0-9001-F31D75894421}.Debug|Win32.ActiveCfg = Debug|Win32
		{6CF7145A-15C0-40A0-9001-F31D75894421}.Debug|Win32.Build.0 = Debug|Win32
		{6CF7145A-15C0-40A0-9001-F31D75894421}.Release|Win32.ActiveCfg = Release|Win32
		{6CF7145A-15C0-40A0-9001-F31D75894421}.Release|Win32.Build.0 = Release|Win32
		{6CF7145A-15C0-40A0-9001-F31D75894421}.MinSizeRel|Win32.ActiveCfg = MinSizeRel|Win32
		{6CF7145A-15C0-40A0-9001-F31D75894421}.MinSizeRel|Win32.Build.0 = MinSizeRel|Win32
		{6CF7145A-15C0-40A0-9001-F31D75894421}.RelWithDebInfo|Win32.ActiveCfg = RelWithDebInfo|Win32
		{6CF7145A-15C0-40A0-9001-F31D75894421}.RelWithDebInfo|Win32.Build.0 = RelWithDebInfo|Win32
		{325A6B80-C410-4120-873E-100C83E83CEC}.Debug|Win32.ActiveCfg = Debug|Win32
		{325A6B80-C410-4120-873E-100C83E83CEC}.Debug|Win32.Build.0 = Debug|Win32
		{325A6B80-C410-4120-873E-100C83E83CEC}.Release|Win32.ActiveCfg = Release|Win32
		{325A6B80-C410-4120-873E-100C83E83CEC}.Release|Win32.Build.0 = Release|Win32
		{325A6B80-C410-4120-873E-100C83E83CEC}.MinSizeRel|Win32.ActiveCfg = MinSizeRel|Win32
		{325A6B80-C410-4120-873E-100C83E83CEC}.MinSizeRel|Win32.Build.0 = MinSizeRel|Win32
		{325A6B80-C410-4120-873E-100C83E83CEC}.RelWithDebInfo|Win32.ActiveCfg = RelWithDebInfo|Win32
		{325A6B80-C410-4120-873E-100C83E83CEC}.RelWithDebInfo|Win32.Build.0 = RelWithDebInfo|Win32
		{AA298FBC-5DA1-40E9-BC93-4608783B06CC}.Debug|Win32.ActiveCfg = Debug|Win32
		{AA298FBC-5DA1-40E9-BC93-4608783B06CC}.Debug|Win32.Build.0 = Debug|Win32
		{AA298FBC-5DA1-40E9-BC93-4608783B06CC}.Release|Win32.ActiveCfg = Release|Win32
		{AA298FBC-5DA1-40E9-BC93-4608783B06CC}.Release|Win32.Build.0 = Release|Win32
		{AA298FBC-5DA1-40E9-BC93-4608783B06CC}.MinSizeRel|Win32.ActiveCfg = MinSizeRel|Win32
		{AA298FBC-5DA1-40E9-BC93-4608783B06CC}.MinSizeRel|Win32.Build.0 = MinSizeRel|Win32
		{AA298FBC-5DA1-40E9-BC93-4608783B06CC}.RelWithDebInfo|Win32.ActiveCfg = RelWithDebInfo|Win32
		{AA298FBC-5DA1-40E9-BC93-4608783B06CC}.RelWithDebInfo|Win32.Build.0 = RelWithDebInfo|Win32
		{9FF22A2A-6A7B-42BB-94B1-2E397F9BBE75}.Debug|Win32.ActiveCfg = Debug|Win32
		{9FF22A2A-6A7B-42BB-94B1-2E397F9BBE75}.Debug|Win32.Build.0 = Debug|Win32
		{9FF22A2A-6A7B-42BB-94B1-2E397F9BBE75}.Release|Win32.ActiveCfg = Release|Win32
		{9FF22A2A-6A7B-42BB-94B1-2E397F9BBE75}.Release|Win32.Build.0 = Release|Win32
		{9FF22A2A-6A7B-42BB-94B1-2E397F9BBE75}.MinSizeRel|Win32.ActiveCfg = MinSizeRel|Win32
		{9FF22A2A-6A7B-42BB-94B1-2E397F9BBE75}.MinSizeRel|Win32.Build.0 = MinSizeRel|Win32
		{9FF22A2A-6A7B-42BB-94B1-2E397F9BBE75}.RelWithDebInfo|Win32.ActiveCfg = RelWithDebInfo|Win32
		{9FF22A2A-6A7B-42BB-94B1-2E397F9BBE75}.RelWithDebInfo|Win32.Build.0 = RelWithDebInfo|Win32
		{3A85917D-C694-499F-B615-37466A330037}.Debug|Win32.ActiveCfg = Debug|Win32
		{3A85917D-C694-499F-B615-37466A330037}.Debug|Win32.Build.0 = Debug|Win32
		{3A85917D-C694-499F-B615-37466A330037}.Release|Win32.ActiveCfg = Release|Win32
		{3A85917D-C694-499F-B615-37466A330037}.Release|Win32.Build.0 = Release|Win32
		{3A85917D-C694-499F-B615-37466A330037}.MinSizeRel|Win32.ActiveCfg = MinSizeRel|Win32
		{3A85917D-C694-499F-B615-37466A330037}.MinSizeRel|Win32.Build.0 = MinSizeRel|Win32
		{3A85917D-C694-499F-B615-37466A330037}.RelWithDebInfo|Win32.ActiveCfg = RelWithDebInfo|Win32
		{3A85917D-C694-499F-B615-37466A330037}.RelWithDebInfo|Win32.Build.0 = RelWithDebInfo|Win32
		{45E4742E-9B62-4D5A-BC1C-5BDEA6F56F04}.Debug|Win32.ActiveCfg = Debug|Win32
		{45E4742E-9B62-4D5A-BC1C-5BDEA6F56F04}.Debug|Win32.Build.0 = Debug|Win32
		{45E4742E-9B62-4D5A-BC1C-5BDEA6F56F04}.Release|Win32.ActiveCfg = Release|Win32
		{45E4742E-9B62-4D5A-BC1C-5BDEA6F56F04}.Release|Win32.Build.0 = Release|Win32
		{45E4742E-9B62-4D5A-BC1C-5BDEA6F56F04}.MinSizeRel|Win32.ActiveCfg = MinSizeRel|Win32
		{45E4742E-9B62-4D5A-BC1C-5BDEA6F56F04}.MinSizeRel|Win32.Build.0 = MinSizeRel|Win32
		{45E4742E-9B62-4D5A-BC1C-5BDEA6F56F04}.RelWithDebInfo|Win32.ActiveCfg = RelWithDebInfo|Win32
		{45E4742E-9B62-4D5A-BC1C-5BDEA6F56F04}.RelWithDebInfo|Win32.Build.0 = RelWithDebInfo|Win32
	EndGlobalSection
	GlobalSection(ExtensibilityGlobals) = postSolution
	EndGlobalSection
	GlobalSection(ExtensibilityAddIns) = postSolution
	EndGlobalSection
EndGlobal
